
Microsoft Visual Studio Solution File, Format Version 12.00
# Visual Studio Version 16
VisualStudioVersion = 16.0.30204.135
MinimumVisualStudioVersion = 10.0.40219.1
Project("{FAE04EC0-301F-11D3-BF4B-00C04F79EFBC}") = "SaleWebMVC", "SaleWebMVC\SaleWebMVC.csproj", "{DE691F80-CEA1-4652-B4F5-E983C4CBD812}"
EndProject
Global
	GlobalSection(SolutionConfigurationPlatforms) = preSolution
		Debug|Any CPU = Debug|Any CPU
		Release|Any CPU = Release|Any CPU
	EndGlobalSection
	GlobalSection(ProjectConfigurationPlatforms) = postSolution
		{DE691F80-CEA1-4652-B4F5-E983C4CBD812}.Debug|Any CPU.ActiveCfg = Debug|Any CPU
		{DE691F80-CEA1-4652-B4F5-E983C4CBD812}.Debug|Any CPU.Build.0 = Debug|Any CPU
		{DE691F80-CEA1-4652-B4F5-E983C4CBD812}.Release|Any CPU.ActiveCfg = Release|Any CPU
		{DE691F80-CEA1-4652-B4F5-E983C4CBD812}.Release|Any CPU.Build.0 = Release|Any CPU
	EndGlobalSection
	GlobalSection(SolutionProperties) = preSolution
		HideSolutionNode = FALSE
	EndGlobalSection
	GlobalSection(ExtensibilityGlobals) = postSolution
		SolutionGuid = {775E2F4F-4364-4EBB-8ED1-BD2868EAF881}
	EndGlobalSection
EndGlobal
